{
  "requires": true,
  "lockfileVersion": 1,
  "dependencies": {
    "html-number-spinner": {
      "version": "1.1.2",
      "resolved": "https://registry.npmjs.org/html-number-spinner/-/html-number-spinner-1.1.2.tgz",
      "integrity": "sha512-HW9qlU76ojm2UrilMwzSLuLjBZmN+rUBPb0VLnyuS4x+HuJlQFZBn8LXS2eNC7GpoxLu/SSULFxE2fx8iksYaw=="
    }
  }
}
